
Microsoft Visual Studio Solution File, Format Version 12.00
# Visual Studio Version 17
VisualStudioVersion = 17.0.31903.59
MinimumVisualStudioVersion = 10.0.40219.1
Project("{9A19103F-16F7-4668-BE54-9A1E7A4F7556}") = "Planimetry", "Planimetry.csproj", "{3EA55140-8654-4AD4-A26B-6F3E52661930}"
EndProject
Project("{9A19103F-16F7-4668-BE54-9A1E7A4F7556}") = "Tests", "..\Tests\Tests.csproj", "{9615C2AC-CB0E-4092-86AA-8B72BE8B79FF}"
EndProject
Global
	GlobalSection(SolutionConfigurationPlatforms) = preSolution
		Debug|Any CPU = Debug|Any CPU
		Release|Any CPU = Release|Any CPU
	EndGlobalSection
	GlobalSection(ProjectConfigurationPlatforms) = postSolution
		{3EA55140-8654-4AD4-A26B-6F3E52661930}.Debug|Any CPU.ActiveCfg = Debug|Any CPU
		{3EA55140-8654-4AD4-A26B-6F3E52661930}.Debug|Any CPU.Build.0 = Debug|Any CPU
		{3EA55140-8654-4AD4-A26B-6F3E52661930}.Release|Any CPU.ActiveCfg = Release|Any CPU
		{3EA55140-8654-4AD4-A26B-6F3E52661930}.Release|Any CPU.Build.0 = Release|Any CPU
		{9615C2AC-CB0E-4092-86AA-8B72BE8B79FF}.Debug|Any CPU.ActiveCfg = Debug|Any CPU
		{9615C2AC-CB0E-4092-86AA-8B72BE8B79FF}.Debug|Any CPU.Build.0 = Debug|Any CPU
		{9615C2AC-CB0E-4092-86AA-8B72BE8B79FF}.Release|Any CPU.ActiveCfg = Release|Any CPU
		{9615C2AC-CB0E-4092-86AA-8B72BE8B79FF}.Release|Any CPU.Build.0 = Release|Any CPU
	EndGlobalSection
	GlobalSection(SolutionProperties) = preSolution
		HideSolutionNode = FALSE
	EndGlobalSection
	GlobalSection(ExtensibilityGlobals) = postSolution
		SolutionGuid = {6328E78F-184D-4D11-AB0C-998D9E41A28C}
	EndGlobalSection
EndGlobal
